
Microsoft Visual Studio Solution File, Format Version 12.00
# Visual Studio Version 17
VisualStudioVersion = 17.0.31912.275
MinimumVisualStudioVersion = 10.0.40219.1
Project("{FAE04EC0-301F-11D3-BF4B-00C04F79EFBC}") = "CrestronMasterTool", "CrestronMasterTool\CrestronMasterTool.csproj", "{B1A1A1A1-0000-0000-0000-000000000001}"
EndProject
Project("{2150E333-8FDC-42A3-9474-1A3956D46DE8}") = "Projects", "Projects", "{6742E6C5-0D95-135C-CCA9-1FC49F0332B6}"
EndProject
Project("{FAE04EC0-301F-11D3-BF4B-00C04F79EFBC}") = "CrestronMasterTool.WinUI", "CrestronMasterTool\CrestronMasterTool.WinUI\CrestronMasterTool.WinUI.csproj", "{68296282-7DF0-45DA-A671-BC60FE1483B1}"
EndProject
Project("{FAE04EC0-301F-11D3-BF4B-00C04F79EFBC}") = "CrestronMasterTool.Core", "CrestronMasterTool\CrestronMasterTool.Core\CrestronMasterTool.Core.csproj", "{5719F794-9742-4242-B014-E1F6B151041D}"
EndProject
Global
	GlobalSection(SolutionConfigurationPlatforms) = preSolution
		Debug|Any CPU = Debug|Any CPU
		Debug|x64 = Debug|x64
		Debug|x86 = Debug|x86
		Release|Any CPU = Release|Any CPU
		Release|x64 = Release|x64
		Release|x86 = Release|x86
	EndGlobalSection
	GlobalSection(ProjectConfigurationPlatforms) = postSolution
		{B1A1A1A1-0000-0000-0000-000000000001}.Debug|Any CPU.ActiveCfg = Debug|Any CPU
		{B1A1A1A1-0000-0000-0000-000000000001}.Debug|Any CPU.Build.0 = Debug|Any CPU
		{B1A1A1A1-0000-0000-0000-000000000001}.Debug|x64.ActiveCfg = Debug|Any CPU
		{B1A1A1A1-0000-0000-0000-000000000001}.Debug|x64.Build.0 = Debug|Any CPU
		{B1A1A1A1-0000-0000-0000-000000000001}.Debug|x86.ActiveCfg = Debug|Any CPU
		{B1A1A1A1-0000-0000-0000-000000000001}.Debug|x86.Build.0 = Debug|Any CPU
		{B1A1A1A1-0000-0000-0000-000000000001}.Release|Any CPU.ActiveCfg = Release|Any CPU
		{B1A1A1A1-0000-0000-0000-000000000001}.Release|Any CPU.Build.0 = Release|Any CPU
		{B1A1A1A1-0000-0000-0000-000000000001}.Release|x64.ActiveCfg = Release|Any CPU
		{B1A1A1A1-0000-0000-0000-000000000001}.Release|x64.Build.0 = Release|Any CPU
		{B1A1A1A1-0000-0000-0000-000000000001}.Release|x86.ActiveCfg = Release|Any CPU
		{B1A1A1A1-0000-0000-0000-000000000001}.Release|x86.Build.0 = Release|Any CPU
		{68296282-7DF0-45DA-A671-BC60FE1483B1}.Debug|Any CPU.ActiveCfg = Debug|x64
		{68296282-7DF0-45DA-A671-BC60FE1483B1}.Debug|Any CPU.Build.0 = Debug|x64
		{68296282-7DF0-45DA-A671-BC60FE1483B1}.Debug|x64.ActiveCfg = Debug|x64
		{68296282-7DF0-45DA-A671-BC60FE1483B1}.Debug|x64.Build.0 = Debug|x64
		{68296282-7DF0-45DA-A671-BC60FE1483B1}.Debug|x86.ActiveCfg = Debug|x86
		{68296282-7DF0-45DA-A671-BC60FE1483B1}.Debug|x86.Build.0 = Debug|x86
		{68296282-7DF0-45DA-A671-BC60FE1483B1}.Release|Any CPU.ActiveCfg = Release|x64
		{68296282-7DF0-45DA-A671-BC60FE1483B1}.Release|Any CPU.Build.0 = Release|x64
		{68296282-7DF0-45DA-A671-BC60FE1483B1}.Release|x64.ActiveCfg = Release|x64
		{68296282-7DF0-45DA-A671-BC60FE1483B1}.Release|x64.Build.0 = Release|x64
		{68296282-7DF0-45DA-A671-BC60FE1483B1}.Release|x86.ActiveCfg = Release|x86
		{68296282-7DF0-45DA-A671-BC60FE1483B1}.Release|x86.Build.0 = Release|x86
		{5719F794-9742-4242-B014-E1F6B151041D}.Debug|Any CPU.ActiveCfg = Debug|Any CPU
		{5719F794-9742-4242-B014-E1F6B151041D}.Debug|Any CPU.Build.0 = Debug|Any CPU
		{5719F794-9742-4242-B014-E1F6B151041D}.Debug|x64.ActiveCfg = Debug|Any CPU
		{5719F794-9742-4242-B014-E1F6B151041D}.Debug|x64.Build.0 = Debug|Any CPU
		{5719F794-9742-4242-B014-E1F6B151041D}.Debug|x86.ActiveCfg = Debug|Any CPU
		{5719F794-9742-4242-B014-E1F6B151041D}.Debug|x86.Build.0 = Debug|Any CPU
		{5719F794-9742-4242-B014-E1F6B151041D}.Release|Any CPU.ActiveCfg = Release|Any CPU
		{5719F794-9742-4242-B014-E1F6B151041D}.Release|Any CPU.Build.0 = Release|Any CPU
		{5719F794-9742-4242-B014-E1F6B151041D}.Release|x64.ActiveCfg = Release|Any CPU
		{5719F794-9742-4242-B014-E1F6B151041D}.Release|x64.Build.0 = Release|Any CPU
		{5719F794-9742-4242-B014-E1F6B151041D}.Release|x86.ActiveCfg = Release|Any CPU
		{5719F794-9742-4242-B014-E1F6B151041D}.Release|x86.Build.0 = Release|Any CPU
	EndGlobalSection
	GlobalSection(SolutionProperties) = preSolution
		HideSolutionNode = FALSE
	EndGlobalSection
	GlobalSection(NestedProjects) = preSolution
		{68296282-7DF0-45DA-A671-BC60FE1483B1} = {6742E6C5-0D95-135C-CCA9-1FC49F0332B6}
		{5719F794-9742-4242-B014-E1F6B151041D} = {6742E6C5-0D95-135C-CCA9-1FC49F0332B6}
	EndGlobalSection
EndGlobal
